// !$*UTF8*$!
{
	archiveVersion = 1;
	classes = {
	};
	objectVersion = 48;
	objects = {

/* Begin PBXBuildFile section */
		5E9A84C220033CFD007C3431 /* AppDelegate.swift in Sources */ = {isa = PBXBuildFile; fileRef = 5E9A84C120033CFD007C3431 /* AppDelegate.swift */; };
		5E9A84C420033CFD007C3431 /* ViewController.swift in Sources */ = {isa = PBXBuildFile; fileRef = 5E9A84C320033CFD007C3431 /* ViewController.swift */; };
		5E9A84C720033CFD007C3431 /* Main.storyboard in Resources */ = {isa = PBXBuildFile; fileRef = 5E9A84C520033CFD007C3431 /* Main.storyboard */; };
		5E9A84C920033CFD007C3431 /* Assets.xcassets in Resources */ = {isa = PBXBuildFile; fileRef = 5E9A84C820033CFD007C3431 /* Assets.xcassets */; };
		5E9A84CC20033CFD007C3431 /* LaunchScreen.storyboard in Resources */ = {isa = PBXBuildFile; fileRef = 5E9A84CA20033CFD007C3431 /* LaunchScreen.storyboard */; };
		5E9A84D720033CFD007C3431 /* HelloWorldTests.swift in Sources */ = {isa = PBXBuildFile; fileRef = 5E9A84D620033CFD007C3431 /* HelloWorldTests.swift */; };
		5E9A84E220033CFD007C3431 /* HelloWorldUITests.swift in Sources */ = {isa = PBXBuildFile; fileRef = 5E9A84E120033CFD007C3431 /* HelloWorldUITests.swift */; };
/* End PBXBuildFile section */

/* Begin PBXContainerItemProxy section */
		5E9A84D320033CFD007C3431 /* PBXContainerItemProxy */ = {
			isa = PBXContainerItemProxy;
			containerPortal = 5E9A84B620033CFD007C3431 /* Project object */;
			proxyType = 1;
			remoteGlobalIDString = 5E9A84BD20033CFD007C3431;
			remoteInfo = HelloWorld;
		};
		5E9A84DE20033CFD007C3431 /* PBXContainerItemProxy */ = {
			isa = PBXContainerItemProxy;
			containerPortal = 5E9A84B620033CFD007C3431 /* Project object */;
			proxyType = 1;
			remoteGlobalIDString = 5E9A84BD20033CFD007C3431;
			remoteInfo = HelloWorld;
		};
/* End PBXContainerItemProxy section */

/* Begin PBXFileReference section */
		5E9A84BE20033CFD007C3431 /* HelloWorld.app */ = {isa = PBXFileReference; explicitFileType = wrapper.application; includeInIndex = 0; path = HelloWorld.app; sourceTree = BUILT_PRODUCTS_DIR; };
		5E9A84C120033CFD007C3431 /* AppDelegate.swift */ = {isa = PBXFileReference; lastKnownFileType = sourcecode.swift; path = AppDelegate.swift; sourceTree = "<group>"; };
		5E9A84C320033CFD007C3431 /* ViewController.swift */ = {isa = PBXFileReference; lastKnownFileType = sourcecode.swift; path = ViewController.swift; sourceTree = "<group>"; };
		5E9A84C620033CFD007C3431 /* Base */ = {isa = PBXFileReference; lastKnownFileType = file.storyboard; name = Base; path = Base.lproj/Main.storyboard; sourceTree = "<group>"; };
		5E9A84C820033CFD007C3431 /* Assets.xcassets */ = {isa = PBXFileReference; lastKnownFileType = folder.assetcatalog; path = Assets.xcassets; sourceTree = "<group>"; };
		5E9A84CB20033CFD007C3431 /* Base */ = {isa = PBXFileReference; lastKnownFileType = file.storyboard; name = Base; path = Base.lproj/LaunchScreen.storyboard; sourceTree = "<group>"; };
		5E9A84CD20033CFD007C3431 /* Info.plist */ = {isa = PBXFileReference; lastKnownFileType = text.plist.xml; path = Info.plist; sourceTree = "<group>"; };
		5E9A84D220033CFD007C3431 /* HelloWorldTests.xctest */ = {isa = PBXFileReference; explicitFileType = wrapper.cfbundle; includeInIndex = 0; path = HelloWorldTests.xctest; sourceTree = BUILT_PRODUCTS_DIR; };
		5E9A84D620033CFD007C3431 /* HelloWorldTests.swift */ = {isa = PBXFileReference; lastKnownFileType = sourcecode.swift; path = HelloWorldTests.swift; sourceTree = "<group>"; };
		5E9A84D820033CFD007C3431 /* Info.plist */ = {isa = PBXFileReference; lastKnownFileType = text.plist.xml; path = Info.plist; sourceTree = "<group>"; };
		5E9A84DD20033CFD007C3431 /* HelloWorldUITests.xctest */ = {isa = PBXFileReference; explicitFileType = wrapper.cfbundle; includeInIndex = 0; path = HelloWorldUITests.xctest; sourceTree = BUILT_PRODUCTS_DIR; };
		5E9A84E120033CFD007C3431 /* HelloWorldUITests.swift */ = {isa = PBXFileReference; lastKnownFileType = sourcecode.swift; path = HelloWorldUITests.swift; sourceTree = "<group>"; };
		5E9A84E320033CFD007C3431 /* Info.plist */ = {isa = PBXFileReference; lastKnownFileType = text.plist.xml; path = Info.plist; sourceTree = "<group>"; };
/* End PBXFileReference section */

/* Begin PBXFrameworksBuildPhase section */
		5E9A84BB20033CFD007C3431 /* Frameworks */ = {
			isa = PBXFrameworksBuildPhase;
			buildActionMask = 2147483647;
			files = (
			);
			runOnlyForDeploymentPostprocessing = 0;
		};
		5E9A84CF20033CFD007C3431 /* Frameworks */ = {
			isa = PBXFrameworksBuildPhase;
			buildActionMask = 2147483647;
			files = (
			);
			runOnlyForDeploymentPostprocessing = 0;
		};
		5E9A84DA20033CFD007C3431 /* Frameworks */ = {
			isa = PBXFrameworksBuildPhase;
			buildActionMask = 2147483647;
			files = (
			);
			runOnlyForDeploymentPostprocessing = 0;
		};
/* End PBXFrameworksBuildPhase section */

/* Begin PBXGroup section */
		5E9A84B520033CFD007C3431 = {
			isa = PBXGroup;
			children = (
				5E9A84C020033CFD007C3431 /* HelloWorld */,
				5E9A84D520033CFD007C3431 /* HelloWorldTests */,
				5E9A84E020033CFD007C3431 /* HelloWorldUITests */,
				5E9A84BF20033CFD007C3431 /* Products */,
			);
			sourceTree = "<group>";
		};
		5E9A84BF20033CFD007C3431 /* Products */ = {
			isa = PBXGroup;
			children = (
				5E9A84BE20033CFD007C3431 /* HelloWorld.app */,
				5E9A84D220033CFD007C3431 /* HelloWorldTests.xctest */,
				5E9A84DD20033CFD007C3431 /* HelloWorldUITests.xctest */,
			);
			name = Products;
			sourceTree = "<group>";
		};
		5E9A84C020033CFD007C3431 /* HelloWorld */ = {
			isa = PBXGroup;
			children = (
				5E9A84C120033CFD007C3431 /* AppDelegate.swift */,
				5E9A84C320033CFD007C3431 /* ViewController.swift */,
				5E9A84C520033CFD007C3431 /* Main.storyboard */,
				5E9A84C820033CFD007C3431 /* Assets.xcassets */,
				5E9A84CA20033CFD007C3431 /* LaunchScreen.storyboard */,
				5E9A84CD20033CFD007C3431 /* Info.plist */,
			);
			path = HelloWorld;
			sourceTree = "<group>";
		};
		5E9A84D520033CFD007C3431 /* HelloWorldTests */ = {
			isa = PBXGroup;
			children = (
				5E9A84D620033CFD007C3431 /* HelloWorldTests.swift */,
				5E9A84D820033CFD007C3431 /* Info.plist */,
			);
			path = HelloWorldTests;
			sourceTree = "<group>";
		};
		5E9A84E020033CFD007C3431 /* HelloWorldUITests */ = {
			isa = PBXGroup;
			children = (
				5E9A84E120033CFD007C3431 /* HelloWorldUITests.swift */,
				5E9A84E320033CFD007C3431 /* Info.plist */,
			);
			path = HelloWorldUITests;
			sourceTree = "<group>";
		};
/* End PBXGroup section */

/* Begin PBXNativeTarget section */
		5E9A84BD20033CFD007C3431 /* HelloWorld */ = {
			isa = PBXNativeTarget;
			buildConfigurationList = 5E9A84E620033CFD007C3431 /* Build configuration list for PBXNativeTarget "HelloWorld" */;
			buildPhases = (
				5E9A84BA20033CFD007C3431 /* Sources */,
				5E9A84BB20033CFD007C3431 /* Frameworks */,
				5E9A84BC20033CFD007C3431 /* Resources */,
			);
			buildRules = (
			);
			dependencies = (
			);
			name = HelloWorld;
			productName = HelloWorld;
			productReference = 5E9A84BE20033CFD007C3431 /* HelloWorld.app */;
			productType = "com.apple.product-type.application";
		};
		5E9A84D120033CFD007C3431 /* HelloWorldTests */ = {
			isa = PBXNativeTarget;
			buildConfigurationList = 5E9A84E920033CFD007C3431 /* Build configuration list for PBXNativeTarget "HelloWorldTests" */;
			buildPhases = (
				5E9A84CE20033CFD007C3431 /* Sources */,
				5E9A84CF20033CFD007C3431 /* Frameworks */,
				5E9A84D020033CFD007C3431 /* Resources */,
			);
			buildRules = (
			);
			dependencies = (
				5E9A84D420033CFD007C3431 /* PBXTargetDependency */,
			);
			name = HelloWorldTests;
			productName = HelloWorldTests;
			productReference = 5E9A84D220033CFD007C3431 /* HelloWorldTests.xctest */;
			productType = "com.apple.product-type.bundle.unit-test";
		};
		5E9A84DC20033CFD007C3431 /* HelloWorldUITests */ = {
			isa = PBXNativeTarget;
			buildConfigurationList = 5E9A84EC20033CFD007C3431 /* Build configuration list for PBXNativeTarget "HelloWorldUITests" */;
			buildPhases = (
				5E9A84D920033CFD007C3431 /* Sources */,
				5E9A84DA20033CFD007C3431 /* Frameworks */,
				5E9A84DB20033CFD007C3431 /* Resources */,
			);
			buildRules = (
			);
			dependencies = (
				5E9A84DF20033CFD007C3431 /* PBXTargetDependency */,
			);
			name = HelloWorldUITests;
			productName = HelloWorldUITests;
			productReference = 5E9A84DD20033CFD007C3431 /* HelloWorldUITests.xctest */;
			productType = "com.apple.product-type.bundle.ui-testing";
		};
/* End PBXNativeTarget section */

/* Begin PBXProject section */
		5E9A84B620033CFD007C3431 /* Project object */ = {
			isa = PBXProject;
			attributes = {
				LastSwiftUpdateCheck = 0920;
				LastUpgradeCheck = 0920;
				ORGANIZATIONNAME = "Qiaosi Chelsea Wang";
				TargetAttributes = {
					5E9A84BD20033CFD007C3431 = {
						CreatedOnToolsVersion = 9.2;
						ProvisioningStyle = Automatic;
					};
					5E9A84D120033CFD007C3431 = {
						CreatedOnToolsVersion = 9.2;
						ProvisioningStyle = Automatic;
						TestTargetID = 5E9A84BD20033CFD007C3431;
					};
					5E9A84DC20033CFD007C3431 = {
						CreatedOnToolsVersion = 9.2;
						ProvisioningStyle = Automatic;
						TestTargetID = 5E9A84BD20033CFD007C3431;
					};
				};
			};
			buildConfigurationList = 5E9A84B920033CFD007C3431 /* Build configuration list for PBXProject "HelloWorld" */;
			compatibilityVersion = "Xcode 8.0";
			developmentRegion = en;
			hasScannedForEncodings = 0;
			knownRegions = (
				en,
				Base,
			);
			mainGroup = 5E9A84B520033CFD007C3431;
			productRefGroup = 5E9A84BF20033CFD007C3431 /* Products */;
			projectDirPath = "";
			projectRoot = "";
			targets = (
				5E9A84BD20033CFD007C3431 /* HelloWorld */,
				5E9A84D120033CFD007C3431 /* HelloWorldTests */,
				5E9A84DC20033CFD007C3431 /* HelloWorldUITests */,
			);
		};
/* End PBXProject section */

/* Begin PBXResourcesBuildPhase section */
		5E9A84BC20033CFD007C3431 /* Resources */ = {
			isa = PBXResourcesBuildPhase;
			buildActionMask = 2147483647;
			files = (
				5E9A84CC20033CFD007C3431 /* LaunchScreen.storyboard in Resources */,
				5E9A84C920033CFD007C3431 /* Assets.xcassets in Resources */,
				5E9A84C720033CFD007C3431 /* Main.storyboard in Resources */,
			);
			runOnlyForDeploymentPostprocessing = 0;
		};
		5E9A84D020033CFD007C3431 /* Resources */ = {
			isa = PBXResourcesBuildPhase;
			buildActionMask = 2147483647;
			files = (
			);
			runOnlyForDeploymentPostprocessing = 0;
		};
		5E9A84DB20033CFD007C3431 /* Resources */ = {
			isa = PBXResourcesBuildPhase;
			buildActionMask = 2147483647;
			files = (
			);
			runOnlyForDeploymentPostprocessing = 0;
		};
/* End PBXResourcesBuildPhase section */

/* Begin PBXSourcesBuildPhase section */
		5E9A84BA20033CFD007C3431 /* Sources */ = {
			isa = PBXSourcesBuildPhase;
			buildActionMask = 2147483647;
			files = (
				5E9A84C420033CFD007C3431 /* ViewController.swift in Sources */,
				5E9A84C220033CFD007C3431 /* AppDelegate.swift in Sources */,
			);
			runOnlyForDeploymentPostprocessing = 0;
		};
		5E9A84CE20033CFD007C3431 /* Sources */ = {
			isa = PBXSourcesBuildPhase;
			buildActionMask = 2147483647;
			files = (
				5E9A84D720033CFD007C3431 /* HelloWorldTests.swift in Sources */,
			);
			runOnlyForDeploymentPostprocessing = 0;
		};
		5E9A84D920033CFD007C3431 /* Sources */ = {
			isa = PBXSourcesBuildPhase;
			buildActionMask = 2147483647;
			files = (
				5E9A84E220033CFD007C3431 /* HelloWorldUITests.swift in Sources */,
			);
			runOnlyForDeploymentPostprocessing = 0;
		};
/* End PBXSourcesBuildPhase section */

/* Begin PBXTargetDependency section */
		5E9A84D420033CFD007C3431 /* PBXTargetDependency */ = {
			isa = PBXTargetDependency;
			target = 5E9A84BD20033CFD007C3431 /* HelloWorld */;
			targetProxy = 5E9A84D320033CFD007C3431 /* PBXContainerItemProxy */;
		};
		5E9A84DF20033CFD007C3431 /* PBXTargetDependency */ = {
			isa = PBXTargetDependency;
			target = 5E9A84BD20033CFD007C3431 /* HelloWorld */;
			targetProxy = 5E9A84DE20033CFD007C3431 /* PBXContainerItemProxy */;
		};
/* End PBXTargetDependency section */

/* Begin PBXVariantGroup section */
		5E9A84C520033CFD007C3431 /* Main.storyboard */ = {
			isa = PBXVariantGroup;
			children = (
				5E9A84C620033CFD007C3431 /* Base */,
			);
			name = Main.storyboard;
			sourceTree = "<group>";
		};
		5E9A84CA20033CFD007C3431 /* LaunchScreen.storyboard */ = {
			isa = PBXVariantGroup;
			children = (
				5E9A84CB20033CFD007C3431 /* Base */,
			);
			name = LaunchScreen.storyboard;
			sourceTree = "<group>";
		};
/* End PBXVariantGroup section */

/* Begin XCBuildConfiguration section */
		5E9A84E420033CFD007C3431 /* Debug */ = {
			isa = XCBuildConfiguration;
			buildSettings = {
				ALWAYS_SEARCH_USER_PATHS = NO;
				CLANG_ANALYZER_NONNULL = YES;
				CLANG_ANALYZER_NUMBER_OBJECT_CONVERSION = YES_AGGRESSIVE;
				CLANG_CXX_LANGUAGE_STANDARD = "gnu++14";
				CLANG_CXX_LIBRARY = "libc++";
				CLANG_ENABLE_MODULES = YES;
				CLANG_ENABLE_OBJC_ARC = YES;
				CLANG_WARN_BLOCK_CAPTURE_AUTORELEASING = YES;
				CLANG_WARN_BOOL_CONVERSION = YES;
				CLANG_WARN_COMMA = YES;
				CLANG_WARN_CONSTANT_CONVERSION = YES;
				CLANG_WARN_DIRECT_OBJC_ISA_USAGE = YES_ERROR;
				CLANG_WARN_DOCUMENTATION_COMMENTS = YES;
				CLANG_WARN_EMPTY_BODY = YES;
				CLANG_WARN_ENUM_CONVERSION = YES;
				CLANG_WARN_INFINITE_RECURSION = YES;
				CLANG_WARN_INT_CONVERSION = YES;
				CLANG_WARN_NON_LITERAL_NULL_CONVERSION = YES;
				CLANG_WARN_OBJC_LITERAL_CONVERSION = YES;
				CLANG_WARN_OBJC_ROOT_CLASS = YES_ERROR;
				CLANG_WARN_RANGE_LOOP_ANALYSIS = YES;
				CLANG_WARN_STRICT_PROTOTYPES = YES;
				CLANG_WARN_SUSPICIOUS_MOVE = YES;
				CLANG_WARN_UNGUARDED_AVAILABILITY = YES_AGGRESSIVE;
				CLANG_WARN_UNREACHABLE_CODE = YES;
				CLANG_WARN__DUPLICATE_METHOD_MATCH = YES;
				CODE_SIGN_IDENTITY = "iPhone Developer";
				COPY_PHASE_STRIP = NO;
				DEBUG_INFORMATION_FORMAT = dwarf;
				ENABLE_STRICT_OBJC_MSGSEND = YES;
				ENABLE_TESTABILITY = YES;
				GCC_C_LANGUAGE_STANDARD = gnu11;
				GCC_DYNAMIC_NO_PIC = NO;
				GCC_NO_COMMON_BLOCKS = YES;
				GCC_OPTIMIZATION_LEVEL = 0;
				GCC_PREPROCESSOR_DEFINITIONS = (
					"DEBUG=1",
					"$(inherited)",
				);
				GCC_WARN_64_TO_32_BIT_CONVERSION = YES;
				GCC_WARN_ABOUT_RETURN_TYPE = YES_ERROR;
				GCC_WARN_UNDECLARED_SELECTOR = YES;
				GCC_WARN_UNINITIALIZED_AUTOS = YES_AGGRESSIVE;
				GCC_WARN_UNUSED_FUNCTION = YES;
				GCC_WARN_UNUSED_VARIABLE = YES;
				IPHONEOS_DEPLOYMENT_TARGET = 11.2;
				MTL_ENABLE_DEBUG_INFO = YES;
				ONLY_ACTIVE_ARCH = YES;
				SDKROOT = iphoneos;
				SWIFT_ACTIVE_COMPILATION_CONDITIONS = DEBUG;
				SWIFT_OPTIMIZATION_LEVEL = "-Onone";
			};
			name = Debug;
		};
		5E9A84E520033CFD007C3431 /* Release */ = {
			isa = XCBuildConfiguration;
			buildSettings = {
				ALWAYS_SEARCH_USER_PATHS = NO;
				CLANG_ANALYZER_NONNULL = YES;
				CLANG_ANALYZER_NUMBER_OBJECT_CONVERSION = YES_AGGRESSIVE;
				CLANG_CXX_LANGUAGE_STANDARD = "gnu++14";
				CLANG_CXX_LIBRARY = "libc++";
				CLANG_ENABLE_MODULES = YES;
				CLANG_ENABLE_OBJC_ARC = YES;
				CLANG_WARN_BLOCK_CAPTURE_AUTORELEASING = YES;
				CLANG_WARN_BOOL_CONVERSION = YES;
				CLANG_WARN_COMMA = YES;
				CLANG_WARN_CONSTANT_CONVERSION = YES;
				CLANG_WARN_DIRECT_OBJC_ISA_USAGE = YES_ERROR;
				CLANG_WARN_DOCUMENTATION_COMMENTS = YES;
				CLANG_WARN_EMPTY_BODY = YES;
				CLANG_WARN_ENUM_CONVERSION = YES;
				CLANG_WARN_INFINITE_RECURSION = YES;
				CLANG_WARN_INT_CONVERSION = YES;
				CLANG_WARN_NON_LITERAL_NULL_CONVERSION = YES;
				CLANG_WARN_OBJC_LITERAL_CONVERSION = YES;
				CLANG_WARN_OBJC_ROOT_CLASS = YES_ERROR;
				CLANG_WARN_RANGE_LOOP_ANALYSIS = YES;
				CLANG_WARN_STRICT_PROTOTYPES = YES;
				CLANG_WARN_SUSPICIOUS_MOVE = YES;
				CLANG_WARN_UNGUARDED_AVAILABILITY = YES_AGGRESSIVE;
				CLANG_WARN_UNREACHABLE_CODE = YES;
				CLANG_WARN__DUPLICATE_METHOD_MATCH = YES;
				CODE_SIGN_IDENTITY = "iPhone Developer";
				COPY_PHASE_STRIP = NO;
				DEBUG_INFORMATION_FORMAT = "dwarf-with-dsym";
				ENABLE_NS_ASSERTIONS = NO;
				ENABLE_STRICT_OBJC_MSGSEND = YES;
				GCC_C_LANGUAGE_STANDARD = gnu11;
				GCC_NO_COMMON_BLOCKS = YES;
				GCC_WARN_64_TO_32_BIT_CONVERSION = YES;
				GCC_WARN_ABOUT_RETURN_TYPE = YES_ERROR;
				GCC_WARN_UNDECLARED_SELECTOR = YES;
				GCC_WARN_UNINITIALIZED_AUTOS = YES_AGGRESSIVE;
				GCC_WARN_UNUSED_FUNCTION = YES;
				GCC_WARN_UNUSED_VARIABLE = YES;
				IPHONEOS_DEPLOYMENT_TARGET = 11.2;
				MTL_ENABLE_DEBUG_INFO = NO;
				SDKROOT = iphoneos;
				SWIFT_OPTIMIZATION_LEVEL = "-Owholemodule";
				VALIDATE_PRODUCT = YES;
			};
			name = Release;
		};
		5E9A84E720033CFD007C3431 /* Debug */ = {
			isa = XCBuildConfiguration;
			buildSettings = {
				ASSETCATALOG_COMPILER_APPICON_NAME = AppIcon;
				CODE_SIGN_STYLE = Automatic;
				DEVELOPMENT_TEAM = UYLSAE2CQ7;
				INFOPLIST_FILE = HelloWorld/Info.plist;
				LD_RUNPATH_SEARCH_PATHS = "$(inherited) @executable_path/Frameworks";
				PRODUCT_BUNDLE_IDENTIFIER = info449.HelloWorld;
				PRODUCT_NAME = "$(TARGET_NAME)";
				SWIFT_VERSION = 4.0;
				TARGETED_DEVICE_FAMILY = "1,2";
			};
			name = Debug;
		};
		5E9A84E820033CFD007C3431 /* Release */ = {
			isa = XCBuildConfiguration;
			buildSettings = {
				ASSETCATALOG_COMPILER_APPICON_NAME = AppIcon;
				CODE_SIGN_STYLE = Automatic;
				DEVELOPMENT_TEAM = UYLSAE2CQ7;
				INFOPLIST_FILE = HelloWorld/Info.plist;
				LD_RUNPATH_SEARCH_PATHS = "$(inherited) @executable_path/Frameworks";
				PRODUCT_BUNDLE_IDENTIFIER = info449.HelloWorld;
				PRODUCT_NAME = "$(TARGET_NAME)";
				SWIFT_VERSION = 4.0;
				TARGETED_DEVICE_FAMILY = "1,2";
			};
			name = Release;
		};
		5E9A84EA20033CFD007C3431 /* Debug */ = {
			isa = XCBuildConfiguration;
			buildSettings = {
				ALWAYS_EMBED_SWIFT_STANDARD_LIBRARIES = YES;
				BUNDLE_LOADER = "$(TEST_HOST)";
				CODE_SIGN_STYLE = Automatic;
				INFOPLIST_FILE = HelloWorldTests/Info.plist;
				LD_RUNPATH_SEARCH_PATHS = "$(inherited) @executable_path/Frameworks @loader_path/Frameworks";
				PRODUCT_BUNDLE_IDENTIFIER = info449.HelloWorldTests;
				PRODUCT_NAME = "$(TARGET_NAME)";
				SWIFT_VERSION = 4.0;
				TARGETED_DEVICE_FAMILY = "1,2";
				TEST_HOST = "$(BUILT_PRODUCTS_DIR)/HelloWorld.app/HelloWorld";
			};
			name = Debug;
		};
		5E9A84EB20033CFD007C3431 /* Release */ = {
			isa = XCBuildConfiguration;
			buildSettings = {
				ALWAYS_EMBED_SWIFT_STANDARD_LIBRARIES = YES;
				BUNDLE_LOADER = "$(TEST_HOST)";
				CODE_SIGN_STYLE = Automatic;
				INFOPLIST_FILE = HelloWorldTests/Info.plist;
				LD_RUNPATH_SEARCH_PATHS = "$(inherited) @executable_path/Frameworks @loader_path/Frameworks";
				PRODUCT_BUNDLE_IDENTIFIER = info449.HelloWorldTests;
				PRODUCT_NAME = "$(TARGET_NAME)";
				SWIFT_VERSION = 4.0;
				TARGETED_DEVICE_FAMILY = "1,2";
				TEST_HOST = "$(BUILT_PRODUCTS_DIR)/HelloWorld.app/HelloWorld";
			};
			name = Release;
		};
		5E9A84ED20033CFD007C3431 /* Debug */ = {
			isa = XCBuildConfiguration;
			buildSettings = {
				ALWAYS_EMBED_SWIFT_STANDARD_LIBRARIES = YES;
				CODE_SIGN_STYLE = Automatic;
				INFOPLIST_FILE = HelloWorldUITests/Info.plist;
				LD_RUNPATH_SEARCH_PATHS = "$(inherited) @executable_path/Frameworks @loader_path/Frameworks";
				PRODUCT_BUNDLE_IDENTIFIER = info449.HelloWorldUITests;
				PRODUCT_NAME = "$(TARGET_NAME)";
				SWIFT_VERSION = 4.0;
				TARGETED_DEVICE_FAMILY = "1,2";
				TEST_TARGET_NAME = HelloWorld;
			};
			name = Debug;
		};
		5E9A84EE20033CFD007C3431 /* Release */ = {
			isa = XCBuildConfiguration;
			buildSettings = {
				ALWAYS_EMBED_SWIFT_STANDARD_LIBRARIES = YES;
				CODE_SIGN_STYLE = Automatic;
				INFOPLIST_FILE = HelloWorldUITests/Info.plist;
				LD_RUNPATH_SEARCH_PATHS = "$(inherited) @executable_path/Frameworks @loader_path/Frameworks";
				PRODUCT_BUNDLE_IDENTIFIER = info449.HelloWorldUITests;
				PRODUCT_NAME = "$(TARGET_NAME)";
				SWIFT_VERSION = 4.0;
				TARGETED_DEVICE_FAMILY = "1,2";
				TEST_TARGET_NAME = HelloWorld;
			};
			name = Release;
		};
/* End XCBuildConfiguration section */

/* Begin XCConfigurationList section */
		5E9A84B920033CFD007C3431 /* Build configuration list for PBXProject "HelloWorld" */ = {
			isa = XCConfigurationList;
			buildConfigurations = (
				5E9A84E420033CFD007C3431 /* Debug */,
				5E9A84E520033CFD007C3431 /* Release */,
			);
			defaultConfigurationIsVisible = 0;
			defaultConfigurationName = Release;
		};
		5E9A84E620033CFD007C3431 /* Build configuration list for PBXNativeTarget "HelloWorld" */ = {
			isa = XCConfigurationList;
			buildConfigurations = (
				5E9A84E720033CFD007C3431 /* Debug */,
				5E9A84E820033CFD007C3431 /* Release */,
			);
			defaultConfigurationIsVisible = 0;
			defaultConfigurationName = Release;
		};
		5E9A84E920033CFD007C3431 /* Build configuration list for PBXNativeTarget "HelloWorldTests" */ = {
			isa = XCConfigurationList;
			buildConfigurations = (
				5E9A84EA20033CFD007C3431 /* Debug */,
				5E9A84EB20033CFD007C3431 /* Release */,
			);
			defaultConfigurationIsVisible = 0;
			defaultConfigurationName = Release;
		};
		5E9A84EC20033CFD007C3431 /* Build configuration list for PBXNativeTarget "HelloWorldUITests" */ = {
			isa = XCConfigurationList;
			buildConfigurations = (
				5E9A84ED20033CFD007C3431 /* Debug */,
				5E9A84EE20033CFD007C3431 /* Release */,
			);
			defaultConfigurationIsVisible = 0;
			defaultConfigurationName = Release;
		};
/* End XCConfigurationList section */
	};
	rootObject = 5E9A84B620033CFD007C3431 /* Project object */;
}
